
Microsoft Visual Studio Solution File, Format Version 12.00
# Visual Studio 15
VisualStudioVersion = 15.0.26730.12
MinimumVisualStudioVersion = 10.0.40219.1
Project("{FAE04EC0-301F-11D3-BF4B-00C04F79EFBC}") = "Lab1", "Lab1\Lab1.csproj", "{23567B0E-0675-4D09-B84A-C46379CC8FBC}"
EndProject
Global
	GlobalSection(SolutionConfigurationPlatforms) = preSolution
		Debug|Any CPU = Debug|Any CPU
		Release|Any CPU = Release|Any CPU
	EndGlobalSection
	GlobalSection(ProjectConfigurationPlatforms) = postSolution
		{23567B0E-0675-4D09-B84A-C46379CC8FBC}.Debug|Any CPU.ActiveCfg = Debug|Any CPU
		{23567B0E-0675-4D09-B84A-C46379CC8FBC}.Debug|Any CPU.Build.0 = Debug|Any CPU
		{23567B0E-0675-4D09-B84A-C46379CC8FBC}.Release|Any CPU.ActiveCfg = Release|Any CPU
		{23567B0E-0675-4D09-B84A-C46379CC8FBC}.Release|Any CPU.Build.0 = Release|Any CPU
	EndGlobalSection
	GlobalSection(SolutionProperties) = preSolution
		HideSolutionNode = FALSE
	EndGlobalSection
	GlobalSection(ExtensibilityGlobals) = postSolution
		SolutionGuid = {A6423DD5-8D85-48F1-B1D3-778610D56C55}
	EndGlobalSection
EndGlobal
